
Microsoft Visual Studio Solution File, Format Version 12.00
# Visual Studio Version 16
VisualStudioVersion = 16.0.29926.136
MinimumVisualStudioVersion = 10.0.40219.1
Project("{FAE04EC0-301F-11D3-BF4B-00C04F79EFBC}") = "SustainableIvy", "SustainableIvy\SustainableIvy.csproj", "{956D00AD-12DD-494D-8984-02FEF32DA693}"
EndProject
Global
	GlobalSection(SolutionConfigurationPlatforms) = preSolution
		Debug|Any CPU = Debug|Any CPU
		Release|Any CPU = Release|Any CPU
	EndGlobalSection
	GlobalSection(ProjectConfigurationPlatforms) = postSolution
		{956D00AD-12DD-494D-8984-02FEF32DA693}.Debug|Any CPU.ActiveCfg = Debug|Any CPU
		{956D00AD-12DD-494D-8984-02FEF32DA693}.Debug|Any CPU.Build.0 = Debug|Any CPU
		{956D00AD-12DD-494D-8984-02FEF32DA693}.Release|Any CPU.ActiveCfg = Release|Any CPU
		{956D00AD-12DD-494D-8984-02FEF32DA693}.Release|Any CPU.Build.0 = Release|Any CPU
	EndGlobalSection
	GlobalSection(SolutionProperties) = preSolution
		HideSolutionNode = FALSE
	EndGlobalSection
	GlobalSection(ExtensibilityGlobals) = postSolution
		SolutionGuid = {26DA0C5E-FFA7-4017-8391-2A0C82323EC0}
	EndGlobalSection
EndGlobal
